// !$*UTF8*$!
{
	archiveVersion = 1;
	classes = {
	};
	objectVersion = 46;
	objects = {

/* Begin PBXBuildFile section */
		3FE36B211AA88E52005D06FE /* WebKitPlus.h in Headers */ = {isa = PBXBuildFile; fileRef = 3FE36B201AA88E52005D06FE /* WebKitPlus.h */; settings = {ATTRIBUTES = (Public, ); }; };
		3FE36B271AA88E52005D06FE /* WebKitPlus.framework in Frameworks */ = {isa = PBXBuildFile; fileRef = 3FE36B1B1AA88E52005D06FE /* WebKitPlus.framework */; };
		3FE36B2E1AA88E52005D06FE /* WebKitPlusTests.swift in Sources */ = {isa = PBXBuildFile; fileRef = 3FE36B2D1AA88E52005D06FE /* WebKitPlusTests.swift */; };
		3FE36B381AA892F1005D06FE /* WKUIDelegatePlus.swift in Sources */ = {isa = PBXBuildFile; fileRef = 3FE36B371AA892F1005D06FE /* WKUIDelegatePlus.swift */; };
		3FE36B3A1AA89346005D06FE /* WebKit.framework in Frameworks */ = {isa = PBXBuildFile; fileRef = 3FE36B391AA89346005D06FE /* WebKit.framework */; };
		3FE36B3C1AA893F3005D06FE /* WebViewObserver.swift in Sources */ = {isa = PBXBuildFile; fileRef = 3FE36B3B1AA893F3005D06FE /* WebViewObserver.swift */; };
		3FE36B3E1AA89448005D06FE /* Functions.swift in Sources */ = {isa = PBXBuildFile; fileRef = 3FE36B3D1AA89448005D06FE /* Functions.swift */; };
		3FE36B401AA8949C005D06FE /* ZenWebViewController.swift in Sources */ = {isa = PBXBuildFile; fileRef = 3FE36B3F1AA8949C005D06FE /* ZenWebViewController.swift */; };
		3FE36B431AA89553005D06FE /* Localizable.strings in Resources */ = {isa = PBXBuildFile; fileRef = 3FE36B451AA89553005D06FE /* Localizable.strings */; };
/* End PBXBuildFile section */

/* Begin PBXContainerItemProxy section */
		3FE36B281AA88E52005D06FE /* PBXContainerItemProxy */ = {
			isa = PBXContainerItemProxy;
			containerPortal = 3FE36B121AA88E52005D06FE /* Project object */;
			proxyType = 1;
			remoteGlobalIDString = 3FE36B1A1AA88E52005D06FE;
			remoteInfo = WebKitPlus;
		};
/* End PBXContainerItemProxy section */

/* Begin PBXFileReference section */
		3FE36B1B1AA88E52005D06FE /* WebKitPlus.framework */ = {isa = PBXFileReference; explicitFileType = wrapper.framework; includeInIndex = 0; path = WebKitPlus.framework; sourceTree = BUILT_PRODUCTS_DIR; };
		3FE36B1F1AA88E52005D06FE /* Info.plist */ = {isa = PBXFileReference; lastKnownFileType = text.plist.xml; path = Info.plist; sourceTree = "<group>"; };
		3FE36B201AA88E52005D06FE /* WebKitPlus.h */ = {isa = PBXFileReference; lastKnownFileType = sourcecode.c.h; path = WebKitPlus.h; sourceTree = "<group>"; };
		3FE36B261AA88E52005D06FE /* WebKitPlusTests.xctest */ = {isa = PBXFileReference; explicitFileType = wrapper.cfbundle; includeInIndex = 0; path = WebKitPlusTests.xctest; sourceTree = BUILT_PRODUCTS_DIR; };
		3FE36B2C1AA88E52005D06FE /* Info.plist */ = {isa = PBXFileReference; lastKnownFileType = text.plist.xml; path = Info.plist; sourceTree = "<group>"; };
		3FE36B2D1AA88E52005D06FE /* WebKitPlusTests.swift */ = {isa = PBXFileReference; lastKnownFileType = sourcecode.swift; path = WebKitPlusTests.swift; sourceTree = "<group>"; };
		3FE36B371AA892F1005D06FE /* WKUIDelegatePlus.swift */ = {isa = PBXFileReference; fileEncoding = 4; lastKnownFileType = sourcecode.swift; path = WKUIDelegatePlus.swift; sourceTree = "<group>"; };
		3FE36B391AA89346005D06FE /* WebKit.framework */ = {isa = PBXFileReference; lastKnownFileType = wrapper.framework; name = WebKit.framework; path = System/Library/Frameworks/WebKit.framework; sourceTree = SDKROOT; };
		3FE36B3B1AA893F3005D06FE /* WebViewObserver.swift */ = {isa = PBXFileReference; fileEncoding = 4; lastKnownFileType = sourcecode.swift; path = WebViewObserver.swift; sourceTree = "<group>"; };
		3FE36B3D1AA89448005D06FE /* Functions.swift */ = {isa = PBXFileReference; fileEncoding = 4; lastKnownFileType = sourcecode.swift; path = Functions.swift; sourceTree = "<group>"; };
		3FE36B3F1AA8949C005D06FE /* ZenWebViewController.swift */ = {isa = PBXFileReference; fileEncoding = 4; lastKnownFileType = sourcecode.swift; path = ZenWebViewController.swift; sourceTree = "<group>"; };
		3FE36B441AA89553005D06FE /* en */ = {isa = PBXFileReference; lastKnownFileType = text.plist.strings; name = en; path = en.lproj/Localizable.strings; sourceTree = "<group>"; };
		3FE36B461AA895E6005D06FE /* ja */ = {isa = PBXFileReference; lastKnownFileType = text.plist.strings; name = ja; path = ja.lproj/Localizable.strings; sourceTree = "<group>"; };
/* End PBXFileReference section */

/* Begin PBXFrameworksBuildPhase section */
		3FE36B171AA88E52005D06FE /* Frameworks */ = {
			isa = PBXFrameworksBuildPhase;
			buildActionMask = 2147483647;
			files = (
				3FE36B3A1AA89346005D06FE /* WebKit.framework in Frameworks */,
			);
			runOnlyForDeploymentPostprocessing = 0;
		};
		3FE36B231AA88E52005D06FE /* Frameworks */ = {
			isa = PBXFrameworksBuildPhase;
			buildActionMask = 2147483647;
			files = (
				3FE36B271AA88E52005D06FE /* WebKitPlus.framework in Frameworks */,
			);
			runOnlyForDeploymentPostprocessing = 0;
		};
/* End PBXFrameworksBuildPhase section */

/* Begin PBXGroup section */
		3FE36B111AA88E52005D06FE = {
			isa = PBXGroup;
			children = (
				3FE36B1D1AA88E52005D06FE /* WebKitPlus */,
				3FE36B2A1AA88E52005D06FE /* WebKitPlusTests */,
				3FE36B1C1AA88E52005D06FE /* Products */,
			);
			sourceTree = "<group>";
		};
		3FE36B1C1AA88E52005D06FE /* Products */ = {
			isa = PBXGroup;
			children = (
				3FE36B1B1AA88E52005D06FE /* WebKitPlus.framework */,
				3FE36B261AA88E52005D06FE /* WebKitPlusTests.xctest */,
			);
			name = Products;
			sourceTree = "<group>";
		};
		3FE36B1D1AA88E52005D06FE /* WebKitPlus */ = {
			isa = PBXGroup;
			children = (
				3FE36B3D1AA89448005D06FE /* Functions.swift */,
				3FE36B451AA89553005D06FE /* Localizable.strings */,
				3FE36B1E1AA88E52005D06FE /* Supporting Files */,
				3FE36B391AA89346005D06FE /* WebKit.framework */,
				3FE36B201AA88E52005D06FE /* WebKitPlus.h */,
				3FE36B3B1AA893F3005D06FE /* WebViewObserver.swift */,
				3FE36B371AA892F1005D06FE /* WKUIDelegatePlus.swift */,
				3FE36B3F1AA8949C005D06FE /* ZenWebViewController.swift */,
			);
			path = WebKitPlus;
			sourceTree = "<group>";
		};
		3FE36B1E1AA88E52005D06FE /* Supporting Files */ = {
			isa = PBXGroup;
			children = (
				3FE36B1F1AA88E52005D06FE /* Info.plist */,
			);
			name = "Supporting Files";
			sourceTree = "<group>";
		};
		3FE36B2A1AA88E52005D06FE /* WebKitPlusTests */ = {
			isa = PBXGroup;
			children = (
				3FE36B2D1AA88E52005D06FE /* WebKitPlusTests.swift */,
				3FE36B2B1AA88E52005D06FE /* Supporting Files */,
			);
			path = WebKitPlusTests;
			sourceTree = "<group>";
		};
		3FE36B2B1AA88E52005D06FE /* Supporting Files */ = {
			isa = PBXGroup;
			children = (
				3FE36B2C1AA88E52005D06FE /* Info.plist */,
			);
			name = "Supporting Files";
			sourceTree = "<group>";
		};
/* End PBXGroup section */

/* Begin PBXHeadersBuildPhase section */
		3FE36B181AA88E52005D06FE /* Headers */ = {
			isa = PBXHeadersBuildPhase;
			buildActionMask = 2147483647;
			files = (
				3FE36B211AA88E52005D06FE /* WebKitPlus.h in Headers */,
			);
			runOnlyForDeploymentPostprocessing = 0;
		};
/* End PBXHeadersBuildPhase section */

/* Begin PBXNativeTarget section */
		3FE36B1A1AA88E52005D06FE /* WebKitPlus */ = {
			isa = PBXNativeTarget;
			buildConfigurationList = 3FE36B311AA88E52005D06FE /* Build configuration list for PBXNativeTarget "WebKitPlus" */;
			buildPhases = (
				3FE36B161AA88E52005D06FE /* Sources */,
				3FE36B171AA88E52005D06FE /* Frameworks */,
				3FE36B181AA88E52005D06FE /* Headers */,
				3FE36B191AA88E52005D06FE /* Resources */,
			);
			buildRules = (
			);
			dependencies = (
			);
			name = WebKitPlus;
			productName = WebKitPlus;
			productReference = 3FE36B1B1AA88E52005D06FE /* WebKitPlus.framework */;
			productType = "com.apple.product-type.framework";
		};
		3FE36B251AA88E52005D06FE /* WebKitPlusTests */ = {
			isa = PBXNativeTarget;
			buildConfigurationList = 3FE36B341AA88E52005D06FE /* Build configuration list for PBXNativeTarget "WebKitPlusTests" */;
			buildPhases = (
				3FE36B221AA88E52005D06FE /* Sources */,
				3FE36B231AA88E52005D06FE /* Frameworks */,
				3FE36B241AA88E52005D06FE /* Resources */,
			);
			buildRules = (
			);
			dependencies = (
				3FE36B291AA88E52005D06FE /* PBXTargetDependency */,
			);
			name = WebKitPlusTests;
			productName = WebKitPlusTests;
			productReference = 3FE36B261AA88E52005D06FE /* WebKitPlusTests.xctest */;
			productType = "com.apple.product-type.bundle.unit-test";
		};
/* End PBXNativeTarget section */

/* Begin PBXProject section */
		3FE36B121AA88E52005D06FE /* Project object */ = {
			isa = PBXProject;
			attributes = {
				LastSwiftMigration = 0700;
				LastSwiftUpdateCheck = 0700;
				LastUpgradeCheck = 0930;
				ORGANIZATIONNAME = yashigani;
				TargetAttributes = {
					3FE36B1A1AA88E52005D06FE = {
						CreatedOnToolsVersion = 6.1.1;
						LastSwiftMigration = 1130;
					};
					3FE36B251AA88E52005D06FE = {
						CreatedOnToolsVersion = 6.1.1;
						LastSwiftMigration = 1130;
					};
				};
			};
			buildConfigurationList = 3FE36B151AA88E52005D06FE /* Build configuration list for PBXProject "WebKitPlus" */;
			compatibilityVersion = "Xcode 3.2";
			developmentRegion = en;
			hasScannedForEncodings = 0;
			knownRegions = (
				en,
				ja,
				Base,
			);
			mainGroup = 3FE36B111AA88E52005D06FE;
			productRefGroup = 3FE36B1C1AA88E52005D06FE /* Products */;
			projectDirPath = "";
			projectRoot = "";
			targets = (
				3FE36B1A1AA88E52005D06FE /* WebKitPlus */,
				3FE36B251AA88E52005D06FE /* WebKitPlusTests */,
			);
		};
/* End PBXProject section */

/* Begin PBXResourcesBuildPhase section */
		3FE36B191AA88E52005D06FE /* Resources */ = {
			isa = PBXResourcesBuildPhase;
			buildActionMask = 2147483647;
			files = (
				3FE36B431AA89553005D06FE /* Localizable.strings in Resources */,
			);
			runOnlyForDeploymentPostprocessing = 0;
		};
		3FE36B241AA88E52005D06FE /* Resources */ = {
			isa = PBXResourcesBuildPhase;
			buildActionMask = 2147483647;
			files = (
			);
			runOnlyForDeploymentPostprocessing = 0;
		};
/* End PBXResourcesBuildPhase section */

/* Begin PBXSourcesBuildPhase section */
		3FE36B161AA88E52005D06FE /* Sources */ = {
			isa = PBXSourcesBuildPhase;
			buildActionMask = 2147483647;
			files = (
				3FE36B381AA892F1005D06FE /* WKUIDelegatePlus.swift in Sources */,
				3FE36B3C1AA893F3005D06FE /* WebViewObserver.swift in Sources */,
				3FE36B3E1AA89448005D06FE /* Functions.swift in Sources */,
				3FE36B401AA8949C005D06FE /* ZenWebViewController.swift in Sources */,
			);
			runOnlyForDeploymentPostprocessing = 0;
		};
		3FE36B221AA88E52005D06FE /* Sources */ = {
			isa = PBXSourcesBuildPhase;
			buildActionMask = 2147483647;
			files = (
				3FE36B2E1AA88E52005D06FE /* WebKitPlusTests.swift in Sources */,
			);
			runOnlyForDeploymentPostprocessing = 0;
		};
/* End PBXSourcesBuildPhase section */

/* Begin PBXTargetDependency section */
		3FE36B291AA88E52005D06FE /* PBXTargetDependency */ = {
			isa = PBXTargetDependency;
			target = 3FE36B1A1AA88E52005D06FE /* WebKitPlus */;
			targetProxy = 3FE36B281AA88E52005D06FE /* PBXContainerItemProxy */;
		};
/* End PBXTargetDependency section */

/* Begin PBXVariantGroup section */
		3FE36B451AA89553005D06FE /* Localizable.strings */ = {
			isa = PBXVariantGroup;
			children = (
				3FE36B441AA89553005D06FE /* en */,
				3FE36B461AA895E6005D06FE /* ja */,
			);
			name = Localizable.strings;
			sourceTree = "<group>";
		};
/* End PBXVariantGroup section */

/* Begin XCBuildConfiguration section */
		3FE36B2F1AA88E52005D06FE /* Debug */ = {
			isa = XCBuildConfiguration;
			buildSettings = {
				ALWAYS_SEARCH_USER_PATHS = NO;
				CLANG_ANALYZER_LOCALIZABILITY_NONLOCALIZED = YES;
				CLANG_CXX_LANGUAGE_STANDARD = "gnu++0x";
				CLANG_CXX_LIBRARY = "libc++";
				CLANG_ENABLE_MODULES = YES;
				CLANG_ENABLE_OBJC_ARC = YES;
				CLANG_WARN_BLOCK_CAPTURE_AUTORELEASING = YES;
				CLANG_WARN_BOOL_CONVERSION = YES;
				CLANG_WARN_COMMA = YES;
				CLANG_WARN_CONSTANT_CONVERSION = YES;
				CLANG_WARN_DEPRECATED_OBJC_IMPLEMENTATIONS = YES;
				CLANG_WARN_DIRECT_OBJC_ISA_USAGE = YES_ERROR;
				CLANG_WARN_EMPTY_BODY = YES;
				CLANG_WARN_ENUM_CONVERSION = YES;
				CLANG_WARN_INFINITE_RECURSION = YES;
				CLANG_WARN_INT_CONVERSION = YES;
				CLANG_WARN_NON_LITERAL_NULL_CONVERSION = YES;
				CLANG_WARN_OBJC_IMPLICIT_RETAIN_SELF = YES;
				CLANG_WARN_OBJC_LITERAL_CONVERSION = YES;
				CLANG_WARN_OBJC_ROOT_CLASS = YES_ERROR;
				CLANG_WARN_RANGE_LOOP_ANALYSIS = YES;
				CLANG_WARN_STRICT_PROTOTYPES = YES;
				CLANG_WARN_SUSPICIOUS_MOVE = YES;
				CLANG_WARN_UNREACHABLE_CODE = YES;
				CLANG_WARN__DUPLICATE_METHOD_MATCH = YES;
				"CODE_SIGN_IDENTITY[sdk=iphoneos*]" = "iPhone Developer";
				COPY_PHASE_STRIP = NO;
				CURRENT_PROJECT_VERSION = 1;
				ENABLE_STRICT_OBJC_MSGSEND = YES;
				ENABLE_TESTABILITY = YES;
				GCC_C_LANGUAGE_STANDARD = gnu99;
				GCC_DYNAMIC_NO_PIC = NO;
				GCC_NO_COMMON_BLOCKS = YES;
				GCC_OPTIMIZATION_LEVEL = 0;
				GCC_PREPROCESSOR_DEFINITIONS = (
					"DEBUG=1",
					"$(inherited)",
				);
				GCC_SYMBOLS_PRIVATE_EXTERN = NO;
				GCC_WARN_64_TO_32_BIT_CONVERSION = YES;
				GCC_WARN_ABOUT_RETURN_TYPE = YES_ERROR;
				GCC_WARN_UNDECLARED_SELECTOR = YES;
				GCC_WARN_UNINITIALIZED_AUTOS = YES_AGGRESSIVE;
				GCC_WARN_UNUSED_FUNCTION = YES;
				GCC_WARN_UNUSED_VARIABLE = YES;
				IPHONEOS_DEPLOYMENT_TARGET = 8.0;
				MTL_ENABLE_DEBUG_INFO = YES;
				ONLY_ACTIVE_ARCH = YES;
				SDKROOT = iphoneos;
				SWIFT_OPTIMIZATION_LEVEL = "-Onone";
				SWIFT_VERSION = 4.0;
				TARGETED_DEVICE_FAMILY = "1,2";
				VERSIONING_SYSTEM = "apple-generic";
				VERSION_INFO_PREFIX = "";
			};
			name = Debug;
		};
		3FE36B301AA88E52005D06FE /* Release */ = {
			isa = XCBuildConfiguration;
			buildSettings = {
				ALWAYS_SEARCH_USER_PATHS = NO;
				CLANG_ANALYZER_LOCALIZABILITY_NONLOCALIZED = YES;
				CLANG_CXX_LANGUAGE_STANDARD = "gnu++0x";
				CLANG_CXX_LIBRARY = "libc++";
				CLANG_ENABLE_MODULES = YES;
				CLANG_ENABLE_OBJC_ARC = YES;
				CLANG_WARN_BLOCK_CAPTURE_AUTORELEASING = YES;
				CLANG_WARN_BOOL_CONVERSION = YES;
				CLANG_WARN_COMMA = YES;
				CLANG_WARN_CONSTANT_CONVERSION = YES;
				CLANG_WARN_DEPRECATED_OBJC_IMPLEMENTATIONS = YES;
				CLANG_WARN_DIRECT_OBJC_ISA_USAGE = YES_ERROR;
				CLANG_WARN_EMPTY_BODY = YES;
				CLANG_WARN_ENUM_CONVERSION = YES;
				CLANG_WARN_INFINITE_RECURSION = YES;
				CLANG_WARN_INT_CONVERSION = YES;
				CLANG_WARN_NON_LITERAL_NULL_CONVERSION = YES;
				CLANG_WARN_OBJC_IMPLICIT_RETAIN_SELF = YES;
				CLANG_WARN_OBJC_LITERAL_CONVERSION = YES;
				CLANG_WARN_OBJC_ROOT_CLASS = YES_ERROR;
				CLANG_WARN_RANGE_LOOP_ANALYSIS = YES;
				CLANG_WARN_STRICT_PROTOTYPES = YES;
				CLANG_WARN_SUSPICIOUS_MOVE = YES;
				CLANG_WARN_UNREACHABLE_CODE = YES;
				CLANG_WARN__DUPLICATE_METHOD_MATCH = YES;
				"CODE_SIGN_IDENTITY[sdk=iphoneos*]" = "iPhone Developer";
				COPY_PHASE_STRIP = YES;
				CURRENT_PROJECT_VERSION = 1;
				ENABLE_NS_ASSERTIONS = NO;
				ENABLE_STRICT_OBJC_MSGSEND = YES;
				GCC_C_LANGUAGE_STANDARD = gnu99;
				GCC_NO_COMMON_BLOCKS = YES;
				GCC_WARN_64_TO_32_BIT_CONVERSION = YES;
				GCC_WARN_ABOUT_RETURN_TYPE = YES_ERROR;
				GCC_WARN_UNDECLARED_SELECTOR = YES;
				GCC_WARN_UNINITIALIZED_AUTOS = YES_AGGRESSIVE;
				GCC_WARN_UNUSED_FUNCTION = YES;
				GCC_WARN_UNUSED_VARIABLE = YES;
				IPHONEOS_DEPLOYMENT_TARGET = 8.0;
				MTL_ENABLE_DEBUG_INFO = NO;
				SDKROOT = iphoneos;
				SWIFT_OPTIMIZATION_LEVEL = "-Owholemodule";
				SWIFT_VERSION = 4.0;
				TARGETED_DEVICE_FAMILY = "1,2";
				VALIDATE_PRODUCT = YES;
				VERSIONING_SYSTEM = "apple-generic";
				VERSION_INFO_PREFIX = "";
			};
			name = Release;
		};
		3FE36B321AA88E52005D06FE /* Debug */ = {
			isa = XCBuildConfiguration;
			buildSettings = {
				APPLICATION_EXTENSION_API_ONLY = YES;
				CLANG_ENABLE_MODULES = YES;
				"CODE_SIGN_IDENTITY[sdk=iphoneos*]" = "";
				DEFINES_MODULE = YES;
				DYLIB_COMPATIBILITY_VERSION = 1;
				DYLIB_CURRENT_VERSION = 1;
				DYLIB_INSTALL_NAME_BASE = "@rpath";
				INFOPLIST_FILE = WebKitPlus/Info.plist;
				INSTALL_PATH = "$(LOCAL_LIBRARY_DIR)/Frameworks";
				LD_RUNPATH_SEARCH_PATHS = "$(inherited) @executable_path/Frameworks @loader_path/Frameworks";
				PRODUCT_BUNDLE_IDENTIFIER = "jp.yashigani.$(PRODUCT_NAME:rfc1034identifier)";
				PRODUCT_NAME = "$(TARGET_NAME)";
				SKIP_INSTALL = YES;
				SWIFT_OPTIMIZATION_LEVEL = "-Onone";
				SWIFT_SWIFT3_OBJC_INFERENCE = Default;
				SWIFT_VERSION = 5.0;
			};
			name = Debug;
		};
		3FE36B331AA88E52005D06FE /* Release */ = {
			isa = XCBuildConfiguration;
			buildSettings = {
				APPLICATION_EXTENSION_API_ONLY = YES;
				CLANG_ENABLE_MODULES = YES;
				"CODE_SIGN_IDENTITY[sdk=iphoneos*]" = "";
				DEFINES_MODULE = YES;
				DYLIB_COMPATIBILITY_VERSION = 1;
				DYLIB_CURRENT_VERSION = 1;
				DYLIB_INSTALL_NAME_BASE = "@rpath";
				INFOPLIST_FILE = WebKitPlus/Info.plist;
				INSTALL_PATH = "$(LOCAL_LIBRARY_DIR)/Frameworks";
				LD_RUNPATH_SEARCH_PATHS = "$(inherited) @executable_path/Frameworks @loader_path/Frameworks";
				PRODUCT_BUNDLE_IDENTIFIER = "jp.yashigani.$(PRODUCT_NAME:rfc1034identifier)";
				PRODUCT_NAME = "$(TARGET_NAME)";
				SKIP_INSTALL = YES;
				SWIFT_SWIFT3_OBJC_INFERENCE = Default;
				SWIFT_VERSION = 5.0;
			};
			name = Release;
		};
		3FE36B351AA88E52005D06FE /* Debug */ = {
			isa = XCBuildConfiguration;
			buildSettings = {
				FRAMEWORK_SEARCH_PATHS = (
					"$(SDKROOT)/Developer/Library/Frameworks",
					"$(inherited)",
				);
				GCC_PREPROCESSOR_DEFINITIONS = (
					"DEBUG=1",
					"$(inherited)",
				);
				INFOPLIST_FILE = WebKitPlusTests/Info.plist;
				LD_RUNPATH_SEARCH_PATHS = "$(inherited) @executable_path/Frameworks @loader_path/Frameworks";
				PRODUCT_BUNDLE_IDENTIFIER = "jp.yashigani.$(PRODUCT_NAME:rfc1034identifier)";
				PRODUCT_NAME = "$(TARGET_NAME)";
				SWIFT_SWIFT3_OBJC_INFERENCE = Default;
				SWIFT_VERSION = 5.0;
			};
			name = Debug;
		};
		3FE36B361AA88E52005D06FE /* Release */ = {
			isa = XCBuildConfiguration;
			buildSettings = {
				FRAMEWORK_SEARCH_PATHS = (
					"$(SDKROOT)/Developer/Library/Frameworks",
					"$(inherited)",
				);
				INFOPLIST_FILE = WebKitPlusTests/Info.plist;
				LD_RUNPATH_SEARCH_PATHS = "$(inherited) @executable_path/Frameworks @loader_path/Frameworks";
				PRODUCT_BUNDLE_IDENTIFIER = "jp.yashigani.$(PRODUCT_NAME:rfc1034identifier)";
				PRODUCT_NAME = "$(TARGET_NAME)";
				SWIFT_SWIFT3_OBJC_INFERENCE = Default;
				SWIFT_VERSION = 5.0;
			};
			name = Release;
		};
/* End XCBuildConfiguration section */

/* Begin XCConfigurationList section */
		3FE36B151AA88E52005D06FE /* Build configuration list for PBXProject "WebKitPlus" */ = {
			isa = XCConfigurationList;
			buildConfigurations = (
				3FE36B2F1AA88E52005D06FE /* Debug */,
				3FE36B301AA88E52005D06FE /* Release */,
			);
			defaultConfigurationIsVisible = 0;
			defaultConfigurationName = Release;
		};
		3FE36B311AA88E52005D06FE /* Build configuration list for PBXNativeTarget "WebKitPlus" */ = {
			isa = XCConfigurationList;
			buildConfigurations = (
				3FE36B321AA88E52005D06FE /* Debug */,
				3FE36B331AA88E52005D06FE /* Release */,
			);
			defaultConfigurationIsVisible = 0;
			defaultConfigurationName = Release;
		};
		3FE36B341AA88E52005D06FE /* Build configuration list for PBXNativeTarget "WebKitPlusTests" */ = {
			isa = XCConfigurationList;
			buildConfigurations = (
				3FE36B351AA88E52005D06FE /* Debug */,
				3FE36B361AA88E52005D06FE /* Release */,
			);
			defaultConfigurationIsVisible = 0;
			defaultConfigurationName = Release;
		};
/* End XCConfigurationList section */
	};
	rootObject = 3FE36B121AA88E52005D06FE /* Project object */;
}
